
Microsoft Visual Studio Solution File, Format Version 12.00
# Visual Studio 15
VisualStudioVersion = 15.0.28307.106
MinimumVisualStudioVersion = 10.0.40219.1
Project("{FAE04EC0-301F-11D3-BF4B-00C04F79EFBC}") = "SportsStore.Domain", "SportsStore.Domain\SportsStore.Domain.csproj", "{3F82A9E7-4F44-4D8C-B728-0F7180BC7EB9}"
EndProject
Project("{FAE04EC0-301F-11D3-BF4B-00C04F79EFBC}") = "SportsStore.WebUI", "SportsStore.WebUI\SportsStore.WebUI.csproj", "{2A08235E-2CA8-4DBC-9EC2-ED3DBD56FAE6}"
EndProject
Project("{FAE04EC0-301F-11D3-BF4B-00C04F79EFBC}") = "SportsStore.UnitTests", "SportsStore.UnitTests\SportsStore.UnitTests.csproj", "{78E3AE6B-F1D4-4C01-B26E-897FC228F4B4}"
EndProject
Global
	GlobalSection(SolutionConfigurationPlatforms) = preSolution
		Debug|Any CPU = Debug|Any CPU
		Release|Any CPU = Release|Any CPU
	EndGlobalSection
	GlobalSection(ProjectConfigurationPlatforms) = postSolution
		{3F82A9E7-4F44-4D8C-B728-0F7180BC7EB9}.Debug|Any CPU.ActiveCfg = Debug|Any CPU
		{3F82A9E7-4F44-4D8C-B728-0F7180BC7EB9}.Debug|Any CPU.Build.0 = Debug|Any CPU
		{3F82A9E7-4F44-4D8C-B728-0F7180BC7EB9}.Release|Any CPU.ActiveCfg = Release|Any CPU
		{3F82A9E7-4F44-4D8C-B728-0F7180BC7EB9}.Release|Any CPU.Build.0 = Release|Any CPU
		{2A08235E-2CA8-4DBC-9EC2-ED3DBD56FAE6}.Debug|Any CPU.ActiveCfg = Debug|Any CPU
		{2A08235E-2CA8-4DBC-9EC2-ED3DBD56FAE6}.Debug|Any CPU.Build.0 = Debug|Any CPU
		{2A08235E-2CA8-4DBC-9EC2-ED3DBD56FAE6}.Release|Any CPU.ActiveCfg = Release|Any CPU
		{2A08235E-2CA8-4DBC-9EC2-ED3DBD56FAE6}.Release|Any CPU.Build.0 = Release|Any CPU
		{78E3AE6B-F1D4-4C01-B26E-897FC228F4B4}.Debug|Any CPU.ActiveCfg = Debug|Any CPU
		{78E3AE6B-F1D4-4C01-B26E-897FC228F4B4}.Debug|Any CPU.Build.0 = Debug|Any CPU
		{78E3AE6B-F1D4-4C01-B26E-897FC228F4B4}.Release|Any CPU.ActiveCfg = Release|Any CPU
		{78E3AE6B-F1D4-4C01-B26E-897FC228F4B4}.Release|Any CPU.Build.0 = Release|Any CPU
	EndGlobalSection
	GlobalSection(SolutionProperties) = preSolution
		HideSolutionNode = FALSE
	EndGlobalSection
	GlobalSection(ExtensibilityGlobals) = postSolution
		SolutionGuid = {718953F7-2EF5-450F-A3BD-8D4774761EA3}
	EndGlobalSection
EndGlobal
